
Microsoft Visual Studio Solution File, Format Version 12.00
# Visual Studio Version 16
VisualStudioVersion = 16.0.30320.27
MinimumVisualStudioVersion = 10.0.40219.1
Project("{FAE04EC0-301F-11D3-BF4B-00C04F79EFBC}") = "Scheduler.UWP", "Scheduler.UWP\Scheduler.UWP.csproj", "{9495A854-5F8F-4B47-869D-31FC4DA5881E}"
EndProject
Project("{FAE04EC0-301F-11D3-BF4B-00C04F79EFBC}") = "Scheduler.Android", "Scheduler.Android\Scheduler.Android.csproj", "{07B27EF6-A8C6-46F1-8151-999D3D1380FC}"
EndProject
Project("{FAE04EC0-301F-11D3-BF4B-00C04F79EFBC}") = "Scheduler.iOS", "Scheduler.iOS\Scheduler.iOS.csproj", "{27AFFD10-727E-479C-8286-769FB36B35E3}"
EndProject
Project("{FAE04EC0-301F-11D3-BF4B-00C04F79EFBC}") = "Scheduler", "Scheduler\Scheduler.csproj", "{FBE453BB-BCE2-445E-B638-200E9AE139A5}"
EndProject
Global
	GlobalSection(SolutionConfigurationPlatforms) = preSolution
		Debug|Any CPU = Debug|Any CPU
		Debug|ARM = Debug|ARM
		Debug|iPhone = Debug|iPhone
		Debug|iPhoneSimulator = Debug|iPhoneSimulator
		Debug|x64 = Debug|x64
		Debug|x86 = Debug|x86
		Release|Any CPU = Release|Any CPU
		Release|ARM = Release|ARM
		Release|iPhone = Release|iPhone
		Release|iPhoneSimulator = Release|iPhoneSimulator
		Release|x64 = Release|x64
		Release|x86 = Release|x86
	EndGlobalSection
	GlobalSection(ProjectConfigurationPlatforms) = postSolution
		{9495A854-5F8F-4B47-869D-31FC4DA5881E}.Debug|Any CPU.ActiveCfg = Debug|x86
		{9495A854-5F8F-4B47-869D-31FC4DA5881E}.Debug|Any CPU.Build.0 = Debug|x86
		{9495A854-5F8F-4B47-869D-31FC4DA5881E}.Debug|Any CPU.Deploy.0 = Debug|x86
		{9495A854-5F8F-4B47-869D-31FC4DA5881E}.Debug|ARM.ActiveCfg = Debug|ARM
		{9495A854-5F8F-4B47-869D-31FC4DA5881E}.Debug|ARM.Build.0 = Debug|ARM
		{9495A854-5F8F-4B47-869D-31FC4DA5881E}.Debug|ARM.Deploy.0 = Debug|ARM
		{9495A854-5F8F-4B47-869D-31FC4DA5881E}.Debug|iPhone.ActiveCfg = Debug|x86
		{9495A854-5F8F-4B47-869D-31FC4DA5881E}.Debug|iPhone.Build.0 = Debug|x86
		{9495A854-5F8F-4B47-869D-31FC4DA5881E}.Debug|iPhone.Deploy.0 = Debug|x86
		{9495A854-5F8F-4B47-869D-31FC4DA5881E}.Debug|iPhoneSimulator.ActiveCfg = Debug|x86
		{9495A854-5F8F-4B47-869D-31FC4DA5881E}.Debug|iPhoneSimulator.Build.0 = Debug|x86
		{9495A854-5F8F-4B47-869D-31FC4DA5881E}.Debug|iPhoneSimulator.Deploy.0 = Debug|x86
		{9495A854-5F8F-4B47-869D-31FC4DA5881E}.Debug|x64.ActiveCfg = Debug|x64
		{9495A854-5F8F-4B47-869D-31FC4DA5881E}.Debug|x64.Build.0 = Debug|x64
		{9495A854-5F8F-4B47-869D-31FC4DA5881E}.Debug|x64.Deploy.0 = Debug|x64
		{9495A854-5F8F-4B47-869D-31FC4DA5881E}.Debug|x86.ActiveCfg = Debug|x86
		{9495A854-5F8F-4B47-869D-31FC4DA5881E}.Debug|x86.Build.0 = Debug|x86
		{9495A854-5F8F-4B47-869D-31FC4DA5881E}.Debug|x86.Deploy.0 = Debug|x86
		{9495A854-5F8F-4B47-869D-31FC4DA5881E}.Release|Any CPU.ActiveCfg = Release|x86
		{9495A854-5F8F-4B47-869D-31FC4DA5881E}.Release|Any CPU.Build.0 = Release|x86
		{9495A854-5F8F-4B47-869D-31FC4DA5881E}.Release|Any CPU.Deploy.0 = Release|x86
		{9495A854-5F8F-4B47-869D-31FC4DA5881E}.Release|ARM.ActiveCfg = Release|ARM
		{9495A854-5F8F-4B47-869D-31FC4DA5881E}.Release|ARM.Build.0 = Release|ARM
		{9495A854-5F8F-4B47-869D-31FC4DA5881E}.Release|ARM.Deploy.0 = Release|ARM
		{9495A854-5F8F-4B47-869D-31FC4DA5881E}.Release|iPhone.ActiveCfg = Release|x86
		{9495A854-5F8F-4B47-869D-31FC4DA5881E}.Release|iPhone.Build.0 = Release|x86
		{9495A854-5F8F-4B47-869D-31FC4DA5881E}.Release|iPhone.Deploy.0 = Release|x86
		{9495A854-5F8F-4B47-869D-31FC4DA5881E}.Release|iPhoneSimulator.ActiveCfg = Release|x86
		{9495A854-5F8F-4B47-869D-31FC4DA5881E}.Release|iPhoneSimulator.Build.0 = Release|x86
		{9495A854-5F8F-4B47-869D-31FC4DA5881E}.Release|iPhoneSimulator.Deploy.0 = Release|x86
		{9495A854-5F8F-4B47-869D-31FC4DA5881E}.Release|x64.ActiveCfg = Release|x64
		{9495A854-5F8F-4B47-869D-31FC4DA5881E}.Release|x64.Build.0 = Release|x64
		{9495A854-5F8F-4B47-869D-31FC4DA5881E}.Release|x64.Deploy.0 = Release|x64
		{9495A854-5F8F-4B47-869D-31FC4DA5881E}.Release|x86.ActiveCfg = Release|x86
		{9495A854-5F8F-4B47-869D-31FC4DA5881E}.Release|x86.Build.0 = Release|x86
		{9495A854-5F8F-4B47-869D-31FC4DA5881E}.Release|x86.Deploy.0 = Release|x86
		{07B27EF6-A8C6-46F1-8151-999D3D1380FC}.Debug|Any CPU.ActiveCfg = Debug|Any CPU
		{07B27EF6-A8C6-46F1-8151-999D3D1380FC}.Debug|Any CPU.Build.0 = Debug|Any CPU
		{07B27EF6-A8C6-46F1-8151-999D3D1380FC}.Debug|Any CPU.Deploy.0 = Debug|Any CPU
		{07B27EF6-A8C6-46F1-8151-999D3D1380FC}.Debug|ARM.ActiveCfg = Debug|Any CPU
		{07B27EF6-A8C6-46F1-8151-999D3D1380FC}.Debug|ARM.Build.0 = Debug|Any CPU
		{07B27EF6-A8C6-46F1-8151-999D3D1380FC}.Debug|ARM.Deploy.0 = Debug|Any CPU
		{07B27EF6-A8C6-46F1-8151-999D3D1380FC}.Debug|iPhone.ActiveCfg = Debug|Any CPU
		{07B27EF6-A8C6-46F1-8151-999D3D1380FC}.Debug|iPhone.Build.0 = Debug|Any CPU
		{07B27EF6-A8C6-46F1-8151-999D3D1380FC}.Debug|iPhone.Deploy.0 = Debug|Any CPU
		{07B27EF6-A8C6-46F1-8151-999D3D1380FC}.Debug|iPhoneSimulator.ActiveCfg = Debug|Any CPU
		{07B27EF6-A8C6-46F1-8151-999D3D1380FC}.Debug|iPhoneSimulator.Build.0 = Debug|Any CPU
		{07B27EF6-A8C6-46F1-8151-999D3D1380FC}.Debug|iPhoneSimulator.Deploy.0 = Debug|Any CPU
		{07B27EF6-A8C6-46F1-8151-999D3D1380FC}.Debug|x64.ActiveCfg = Debug|Any CPU
		{07B27EF6-A8C6-46F1-8151-999D3D1380FC}.Debug|x64.Build.0 = Debug|Any CPU
		{07B27EF6-A8C6-46F1-8151-999D3D1380FC}.Debug|x64.Deploy.0 = Debug|Any CPU
		{07B27EF6-A8C6-46F1-8151-999D3D1380FC}.Debug|x86.ActiveCfg = Debug|Any CPU
		{07B27EF6-A8C6-46F1-8151-999D3D1380FC}.Debug|x86.Build.0 = Debug|Any CPU
		{07B27EF6-A8C6-46F1-8151-999D3D1380FC}.Debug|x86.Deploy.0 = Debug|Any CPU
		{07B27EF6-A8C6-46F1-8151-999D3D1380FC}.Release|Any CPU.ActiveCfg = Release|Any CPU
		{07B27EF6-A8C6-46F1-8151-999D3D1380FC}.Release|Any CPU.Build.0 = Release|Any CPU
		{07B27EF6-A8C6-46F1-8151-999D3D1380FC}.Release|Any CPU.Deploy.0 = Release|Any CPU
		{07B27EF6-A8C6-46F1-8151-999D3D1380FC}.Release|ARM.ActiveCfg = Release|Any CPU
		{07B27EF6-A8C6-46F1-8151-999D3D1380FC}.Release|ARM.Build.0 = Release|Any CPU
		{07B27EF6-A8C6-46F1-8151-999D3D1380FC}.Release|ARM.Deploy.0 = Release|Any CPU
		{07B27EF6-A8C6-46F1-8151-999D3D1380FC}.Release|iPhone.ActiveCfg = Release|Any CPU
		{07B27EF6-A8C6-46F1-8151-999D3D1380FC}.Release|iPhone.Build.0 = Release|Any CPU
		{07B27EF6-A8C6-46F1-8151-999D3D1380FC}.Release|iPhone.Deploy.0 = Release|Any CPU
		{07B27EF6-A8C6-46F1-8151-999D3D1380FC}.Release|iPhoneSimulator.ActiveCfg = Release|Any CPU
		{07B27EF6-A8C6-46F1-8151-999D3D1380FC}.Release|iPhoneSimulator.Build.0 = Release|Any CPU
		{07B27EF6-A8C6-46F1-8151-999D3D1380FC}.Release|iPhoneSimulator.Deploy.0 = Release|Any CPU
		{07B27EF6-A8C6-46F1-8151-999D3D1380FC}.Release|x64.ActiveCfg = Release|Any CPU
		{07B27EF6-A8C6-46F1-8151-999D3D1380FC}.Release|x64.Build.0 = Release|Any CPU
		{07B27EF6-A8C6-46F1-8151-999D3D1380FC}.Release|x64.Deploy.0 = Release|Any CPU
		{07B27EF6-A8C6-46F1-8151-999D3D1380FC}.Release|x86.ActiveCfg = Release|Any CPU
		{07B27EF6-A8C6-46F1-8151-999D3D1380FC}.Release|x86.Build.0 = Release|Any CPU
		{07B27EF6-A8C6-46F1-8151-999D3D1380FC}.Release|x86.Deploy.0 = Release|Any CPU
		{27AFFD10-727E-479C-8286-769FB36B35E3}.Debug|Any CPU.ActiveCfg = Debug|iPhone
		{27AFFD10-727E-479C-8286-769FB36B35E3}.Debug|Any CPU.Build.0 = Debug|iPhone
		{27AFFD10-727E-479C-8286-769FB36B35E3}.Debug|Any CPU.Deploy.0 = Debug|iPhone
		{27AFFD10-727E-479C-8286-769FB36B35E3}.Debug|ARM.ActiveCfg = Debug|iPhone
		{27AFFD10-727E-479C-8286-769FB36B35E3}.Debug|ARM.Build.0 = Debug|iPhone
		{27AFFD10-727E-479C-8286-769FB36B35E3}.Debug|ARM.Deploy.0 = Debug|iPhone
		{27AFFD10-727E-479C-8286-769FB36B35E3}.Debug|iPhone.ActiveCfg = Debug|iPhone
		{27AFFD10-727E-479C-8286-769FB36B35E3}.Debug|iPhone.Build.0 = Debug|iPhone
		{27AFFD10-727E-479C-8286-769FB36B35E3}.Debug|iPhone.Deploy.0 = Debug|iPhone
		{27AFFD10-727E-479C-8286-769FB36B35E3}.Debug|iPhoneSimulator.ActiveCfg = Debug|iPhoneSimulator
		{27AFFD10-727E-479C-8286-769FB36B35E3}.Debug|iPhoneSimulator.Build.0 = Debug|iPhoneSimulator
		{27AFFD10-727E-479C-8286-769FB36B35E3}.Debug|iPhoneSimulator.Deploy.0 = Debug|iPhoneSimulator
		{27AFFD10-727E-479C-8286-769FB36B35E3}.Debug|x64.ActiveCfg = Debug|iPhone
		{27AFFD10-727E-479C-8286-769FB36B35E3}.Debug|x64.Build.0 = Debug|iPhone
		{27AFFD10-727E-479C-8286-769FB36B35E3}.Debug|x64.Deploy.0 = Debug|iPhone
		{27AFFD10-727E-479C-8286-769FB36B35E3}.Debug|x86.ActiveCfg = Debug|iPhone
		{27AFFD10-727E-479C-8286-769FB36B35E3}.Debug|x86.Build.0 = Debug|iPhone
		{27AFFD10-727E-479C-8286-769FB36B35E3}.Debug|x86.Deploy.0 = Debug|iPhone
		{27AFFD10-727E-479C-8286-769FB36B35E3}.Release|Any CPU.ActiveCfg = Release|iPhone
		{27AFFD10-727E-479C-8286-769FB36B35E3}.Release|Any CPU.Build.0 = Release|iPhone
		{27AFFD10-727E-479C-8286-769FB36B35E3}.Release|Any CPU.Deploy.0 = Release|iPhone
		{27AFFD10-727E-479C-8286-769FB36B35E3}.Release|ARM.ActiveCfg = Release|iPhone
		{27AFFD10-727E-479C-8286-769FB36B35E3}.Release|ARM.Build.0 = Release|iPhone
		{27AFFD10-727E-479C-8286-769FB36B35E3}.Release|ARM.Deploy.0 = Release|iPhone
		{27AFFD10-727E-479C-8286-769FB36B35E3}.Release|iPhone.ActiveCfg = Release|iPhone
		{27AFFD10-727E-479C-8286-769FB36B35E3}.Release|iPhone.Build.0 = Release|iPhone
		{27AFFD10-727E-479C-8286-769FB36B35E3}.Release|iPhone.Deploy.0 = Release|iPhone
		{27AFFD10-727E-479C-8286-769FB36B35E3}.Release|iPhoneSimulator.ActiveCfg = Release|iPhoneSimulator
		{27AFFD10-727E-479C-8286-769FB36B35E3}.Release|iPhoneSimulator.Build.0 = Release|iPhoneSimulator
		{27AFFD10-727E-479C-8286-769FB36B35E3}.Release|iPhoneSimulator.Deploy.0 = Release|iPhoneSimulator
		{27AFFD10-727E-479C-8286-769FB36B35E3}.Release|x64.ActiveCfg = Release|iPhone
		{27AFFD10-727E-479C-8286-769FB36B35E3}.Release|x64.Build.0 = Release|iPhone
		{27AFFD10-727E-479C-8286-769FB36B35E3}.Release|x64.Deploy.0 = Release|iPhone
		{27AFFD10-727E-479C-8286-769FB36B35E3}.Release|x86.ActiveCfg = Release|iPhone
		{27AFFD10-727E-479C-8286-769FB36B35E3}.Release|x86.Build.0 = Release|iPhone
		{27AFFD10-727E-479C-8286-769FB36B35E3}.Release|x86.Deploy.0 = Release|iPhone
		{FBE453BB-BCE2-445E-B638-200E9AE139A5}.Debug|Any CPU.ActiveCfg = Debug|Any CPU
		{FBE453BB-BCE2-445E-B638-200E9AE139A5}.Debug|Any CPU.Build.0 = Debug|Any CPU
		{FBE453BB-BCE2-445E-B638-200E9AE139A5}.Debug|Any CPU.Deploy.0 = Debug|Any CPU
		{FBE453BB-BCE2-445E-B638-200E9AE139A5}.Debug|ARM.ActiveCfg = Debug|Any CPU
		{FBE453BB-BCE2-445E-B638-200E9AE139A5}.Debug|ARM.Build.0 = Debug|Any CPU
		{FBE453BB-BCE2-445E-B638-200E9AE139A5}.Debug|ARM.Deploy.0 = Debug|Any CPU
		{FBE453BB-BCE2-445E-B638-200E9AE139A5}.Debug|iPhone.ActiveCfg = Debug|Any CPU
		{FBE453BB-BCE2-445E-B638-200E9AE139A5}.Debug|iPhone.Build.0 = Debug|Any CPU
		{FBE453BB-BCE2-445E-B638-200E9AE139A5}.Debug|iPhone.Deploy.0 = Debug|Any CPU
		{FBE453BB-BCE2-445E-B638-200E9AE139A5}.Debug|iPhoneSimulator.ActiveCfg = Debug|Any CPU
		{FBE453BB-BCE2-445E-B638-200E9AE139A5}.Debug|iPhoneSimulator.Build.0 = Debug|Any CPU
		{FBE453BB-BCE2-445E-B638-200E9AE139A5}.Debug|iPhoneSimulator.Deploy.0 = Debug|Any CPU
		{FBE453BB-BCE2-445E-B638-200E9AE139A5}.Debug|x64.ActiveCfg = Debug|Any CPU
		{FBE453BB-BCE2-445E-B638-200E9AE139A5}.Debug|x64.Build.0 = Debug|Any CPU
		{FBE453BB-BCE2-445E-B638-200E9AE139A5}.Debug|x64.Deploy.0 = Debug|Any CPU
		{FBE453BB-BCE2-445E-B638-200E9AE139A5}.Debug|x86.ActiveCfg = Debug|Any CPU
		{FBE453BB-BCE2-445E-B638-200E9AE139A5}.Debug|x86.Build.0 = Debug|Any CPU
		{FBE453BB-BCE2-445E-B638-200E9AE139A5}.Debug|x86.Deploy.0 = Debug|Any CPU
		{FBE453BB-BCE2-445E-B638-200E9AE139A5}.Release|Any CPU.ActiveCfg = Release|Any CPU
		{FBE453BB-BCE2-445E-B638-200E9AE139A5}.Release|Any CPU.Build.0 = Release|Any CPU
		{FBE453BB-BCE2-445E-B638-200E9AE139A5}.Release|Any CPU.Deploy.0 = Release|Any CPU
		{FBE453BB-BCE2-445E-B638-200E9AE139A5}.Release|ARM.ActiveCfg = Release|Any CPU
		{FBE453BB-BCE2-445E-B638-200E9AE139A5}.Release|ARM.Build.0 = Release|Any CPU
		{FBE453BB-BCE2-445E-B638-200E9AE139A5}.Release|ARM.Deploy.0 = Release|Any CPU
		{FBE453BB-BCE2-445E-B638-200E9AE139A5}.Release|iPhone.ActiveCfg = Release|Any CPU
		{FBE453BB-BCE2-445E-B638-200E9AE139A5}.Release|iPhone.Build.0 = Release|Any CPU
		{FBE453BB-BCE2-445E-B638-200E9AE139A5}.Release|iPhone.Deploy.0 = Release|Any CPU
		{FBE453BB-BCE2-445E-B638-200E9AE139A5}.Release|iPhoneSimulator.ActiveCfg = Release|Any CPU
		{FBE453BB-BCE2-445E-B638-200E9AE139A5}.Release|iPhoneSimulator.Build.0 = Release|Any CPU
		{FBE453BB-BCE2-445E-B638-200E9AE139A5}.Release|iPhoneSimulator.Deploy.0 = Release|Any CPU
		{FBE453BB-BCE2-445E-B638-200E9AE139A5}.Release|x64.ActiveCfg = Release|Any CPU
		{FBE453BB-BCE2-445E-B638-200E9AE139A5}.Release|x64.Build.0 = Release|Any CPU
		{FBE453BB-BCE2-445E-B638-200E9AE139A5}.Release|x64.Deploy.0 = Release|Any CPU
		{FBE453BB-BCE2-445E-B638-200E9AE139A5}.Release|x86.ActiveCfg = Release|Any CPU
		{FBE453BB-BCE2-445E-B638-200E9AE139A5}.Release|x86.Build.0 = Release|Any CPU
		{FBE453BB-BCE2-445E-B638-200E9AE139A5}.Release|x86.Deploy.0 = Release|Any CPU
	EndGlobalSection
	GlobalSection(SolutionProperties) = preSolution
		HideSolutionNode = FALSE
	EndGlobalSection
	GlobalSection(ExtensibilityGlobals) = postSolution
		SolutionGuid = {69088DC6-A49F-4C45-9131-AAE4AC68443F}
	EndGlobalSection
EndGlobal
